// !$*UTF8*$!
{
	archiveVersion = 1;
	classes = {
	};
	objectVersion = 55;
	objects = {

/* Begin PBXBuildFile section */
		3F4E5EE72EB2AA29009D7292 /* LocationsView.swift in Sources */ = {isa = PBXBuildFile; fileRef = 3F4E5EE62EB2AA29009D7292 /* LocationsView.swift */; };
		3F4E5EE92EB2B016009D7292 /* LocationsViewModel.swift in Sources */ = {isa = PBXBuildFile; fileRef = 3F4E5EE82EB2B016009D7292 /* LocationsViewModel.swift */; };
		3F8AD4182EBA7D360066E9CC /* LocationsListView.swift in Sources */ = {isa = PBXBuildFile; fileRef = 3F8AD4172EBA7D360066E9CC /* LocationsListView.swift */; };
		3FF1ECC22EA8300800DED7B7 /* MapAppApp.swift in Sources */ = {isa = PBXBuildFile; fileRef = 3FF1ECC12EA8300800DED7B7 /* MapAppApp.swift */; };
		3FF1ECC42EA8300800DED7B7 /* ContentView.swift in Sources */ = {isa = PBXBuildFile; fileRef = 3FF1ECC32EA8300800DED7B7 /* ContentView.swift */; };
		3FF1ECC92EA8300A00DED7B7 /* Preview Assets.xcassets in Resources */ = {isa = PBXBuildFile; fileRef = 3FF1ECC82EA8300A00DED7B7 /* Preview Assets.xcassets */; };
		3FF1ECD32EA8300A00DED7B7 /* MapAppTests.swift in Sources */ = {isa = PBXBuildFile; fileRef = 3FF1ECD22EA8300A00DED7B7 /* MapAppTests.swift */; };
		3FF1ECDD2EA8300A00DED7B7 /* MapAppUITests.swift in Sources */ = {isa = PBXBuildFile; fileRef = 3FF1ECDC2EA8300A00DED7B7 /* MapAppUITests.swift */; };
		3FF1ECDF2EA8300A00DED7B7 /* MapAppUITestsLaunchTests.swift in Sources */ = {isa = PBXBuildFile; fileRef = 3FF1ECDE2EA8300A00DED7B7 /* MapAppUITestsLaunchTests.swift */; };
		3FF1ECEC2EA8333800DED7B7 /* Assets.xcassets in Resources */ = {isa = PBXBuildFile; fileRef = 3FF1ECEB2EA8333800DED7B7 /* Assets.xcassets */; };
		3FF1ECF12EA8354C00DED7B7 /* Location.swift in Sources */ = {isa = PBXBuildFile; fileRef = 3FF1ECF02EA8354C00DED7B7 /* Location.swift */; };
		3FF1ECF42EA8377900DED7B7 /* LocationsDataService.swift in Sources */ = {isa = PBXBuildFile; fileRef = 3FF1ECF32EA8377900DED7B7 /* LocationsDataService.swift */; };
/* End PBXBuildFile section */

/* Begin PBXContainerItemProxy section */
		3FF1ECCF2EA8300A00DED7B7 /* PBXContainerItemProxy */ = {
			isa = PBXContainerItemProxy;
			containerPortal = 3FF1ECB62EA8300800DED7B7 /* Project object */;
			proxyType = 1;
			remoteGlobalIDString = 3FF1ECBD2EA8300800DED7B7;
			remoteInfo = MapApp;
		};
		3FF1ECD92EA8300A00DED7B7 /* PBXContainerItemProxy */ = {
			isa = PBXContainerItemProxy;
			containerPortal = 3FF1ECB62EA8300800DED7B7 /* Project object */;
			proxyType = 1;
			remoteGlobalIDString = 3FF1ECBD2EA8300800DED7B7;
			remoteInfo = MapApp;
		};
/* End PBXContainerItemProxy section */

/* Begin PBXFileReference section */
		3F4E5EE62EB2AA29009D7292 /* LocationsView.swift */ = {isa = PBXFileReference; lastKnownFileType = sourcecode.swift; path = LocationsView.swift; sourceTree = "<group>"; };
		3F4E5EE82EB2B016009D7292 /* LocationsViewModel.swift */ = {isa = PBXFileReference; lastKnownFileType = sourcecode.swift; path = LocationsViewModel.swift; sourceTree = "<group>"; };
		3F8AD4172EBA7D360066E9CC /* LocationsListView.swift */ = {isa = PBXFileReference; lastKnownFileType = sourcecode.swift; path = LocationsListView.swift; sourceTree = "<group>"; };
		3FF1ECBE2EA8300800DED7B7 /* MapApp.app */ = {isa = PBXFileReference; explicitFileType = wrapper.application; includeInIndex = 0; path = MapApp.app; sourceTree = BUILT_PRODUCTS_DIR; };
		3FF1ECC12EA8300800DED7B7 /* MapAppApp.swift */ = {isa = PBXFileReference; lastKnownFileType = sourcecode.swift; path = MapAppApp.swift; sourceTree = "<group>"; };
		3FF1ECC32EA8300800DED7B7 /* ContentView.swift */ = {isa = PBXFileReference; lastKnownFileType = sourcecode.swift; path = ContentView.swift; sourceTree = "<group>"; };
		3FF1ECC82EA8300A00DED7B7 /* Preview Assets.xcassets */ = {isa = PBXFileReference; lastKnownFileType = folder.assetcatalog; path = "Preview Assets.xcassets"; sourceTree = "<group>"; };
		3FF1ECCE2EA8300A00DED7B7 /* MapAppTests.xctest */ = {isa = PBXFileReference; explicitFileType = wrapper.cfbundle; includeInIndex = 0; path = MapAppTests.xctest; sourceTree = BUILT_PRODUCTS_DIR; };
		3FF1ECD22EA8300A00DED7B7 /* MapAppTests.swift */ = {isa = PBXFileReference; lastKnownFileType = sourcecode.swift; path = MapAppTests.swift; sourceTree = "<group>"; };
		3FF1ECD82EA8300A00DED7B7 /* MapAppUITests.xctest */ = {isa = PBXFileReference; explicitFileType = wrapper.cfbundle; includeInIndex = 0; path = MapAppUITests.xctest; sourceTree = BUILT_PRODUCTS_DIR; };
		3FF1ECDC2EA8300A00DED7B7 /* MapAppUITests.swift */ = {isa = PBXFileReference; lastKnownFileType = sourcecode.swift; path = MapAppUITests.swift; sourceTree = "<group>"; };
		3FF1ECDE2EA8300A00DED7B7 /* MapAppUITestsLaunchTests.swift */ = {isa = PBXFileReference; lastKnownFileType = sourcecode.swift; path = MapAppUITestsLaunchTests.swift; sourceTree = "<group>"; };
		3FF1ECEB2EA8333800DED7B7 /* Assets.xcassets */ = {isa = PBXFileReference; lastKnownFileType = folder.assetcatalog; path = Assets.xcassets; sourceTree = "<group>"; };
		3FF1ECF02EA8354C00DED7B7 /* Location.swift */ = {isa = PBXFileReference; lastKnownFileType = sourcecode.swift; path = Location.swift; sourceTree = "<group>"; };
		3FF1ECF32EA8377900DED7B7 /* LocationsDataService.swift */ = {isa = PBXFileReference; fileEncoding = 4; lastKnownFileType = sourcecode.swift; path = LocationsDataService.swift; sourceTree = "<group>"; };
/* End PBXFileReference section */

/* Begin PBXFrameworksBuildPhase section */
		3FF1ECBB2EA8300800DED7B7 /* Frameworks */ = {
			isa = PBXFrameworksBuildPhase;
			buildActionMask = 2147483647;
			files = (
			);
			runOnlyForDeploymentPostprocessing = 0;
		};
		3FF1ECCB2EA8300A00DED7B7 /* Frameworks */ = {
			isa = PBXFrameworksBuildPhase;
			buildActionMask = 2147483647;
			files = (
			);
			runOnlyForDeploymentPostprocessing = 0;
		};
		3FF1ECD52EA8300A00DED7B7 /* Frameworks */ = {
			isa = PBXFrameworksBuildPhase;
			buildActionMask = 2147483647;
			files = (
			);
			runOnlyForDeploymentPostprocessing = 0;
		};
/* End PBXFrameworksBuildPhase section */

/* Begin PBXGroup section */
		3FF1ECB52EA8300800DED7B7 = {
			isa = PBXGroup;
			children = (
				3FF1ECC02EA8300800DED7B7 /* MapApp */,
				3FF1ECD12EA8300A00DED7B7 /* MapAppTests */,
				3FF1ECDB2EA8300A00DED7B7 /* MapAppUITests */,
				3FF1ECBF2EA8300800DED7B7 /* Products */,
			);
			sourceTree = "<group>";
		};
		3FF1ECBF2EA8300800DED7B7 /* Products */ = {
			isa = PBXGroup;
			children = (
				3FF1ECBE2EA8300800DED7B7 /* MapApp.app */,
				3FF1ECCE2EA8300A00DED7B7 /* MapAppTests.xctest */,
				3FF1ECD82EA8300A00DED7B7 /* MapAppUITests.xctest */,
			);
			name = Products;
			sourceTree = "<group>";
		};
		3FF1ECC02EA8300800DED7B7 /* MapApp */ = {
			isa = PBXGroup;
			children = (
				3FF1ECF22EA8372100DED7B7 /* DataServices */,
				3FF1ECEF2EA8351F00DED7B7 /* ViewModels */,
				3FF1ECEE2EA8351700DED7B7 /* Views */,
				3FF1ECED2EA834C500DED7B7 /* Models */,
				3FF1ECC12EA8300800DED7B7 /* MapAppApp.swift */,
				3FF1ECEB2EA8333800DED7B7 /* Assets.xcassets */,
				3FF1ECC32EA8300800DED7B7 /* ContentView.swift */,
				3FF1ECC72EA8300A00DED7B7 /* Preview Content */,
			);
			path = MapApp;
			sourceTree = "<group>";
		};
		3FF1ECC72EA8300A00DED7B7 /* Preview Content */ = {
			isa = PBXGroup;
			children = (
				3FF1ECC82EA8300A00DED7B7 /* Preview Assets.xcassets */,
			);
			path = "Preview Content";
			sourceTree = "<group>";
		};
		3FF1ECD12EA8300A00DED7B7 /* MapAppTests */ = {
			isa = PBXGroup;
			children = (
				3FF1ECD22EA8300A00DED7B7 /* MapAppTests.swift */,
			);
			path = MapAppTests;
			sourceTree = "<group>";
		};
		3FF1ECDB2EA8300A00DED7B7 /* MapAppUITests */ = {
			isa = PBXGroup;
			children = (
				3FF1ECDC2EA8300A00DED7B7 /* MapAppUITests.swift */,
				3FF1ECDE2EA8300A00DED7B7 /* MapAppUITestsLaunchTests.swift */,
			);
			path = MapAppUITests;
			sourceTree = "<group>";
		};
		3FF1ECED2EA834C500DED7B7 /* Models */ = {
			isa = PBXGroup;
			children = (
				3FF1ECF02EA8354C00DED7B7 /* Location.swift */,
			);
			path = Models;
			sourceTree = "<group>";
		};
		3FF1ECEE2EA8351700DED7B7 /* Views */ = {
			isa = PBXGroup;
			children = (
				3F4E5EE62EB2AA29009D7292 /* LocationsView.swift */,
				3F8AD4172EBA7D360066E9CC /* LocationsListView.swift */,
			);
			path = Views;
			sourceTree = "<group>";
		};
		3FF1ECEF2EA8351F00DED7B7 /* ViewModels */ = {
			isa = PBXGroup;
			children = (
				3F4E5EE82EB2B016009D7292 /* LocationsViewModel.swift */,
			);
			path = ViewModels;
			sourceTree = "<group>";
		};
		3FF1ECF22EA8372100DED7B7 /* DataServices */ = {
			isa = PBXGroup;
			children = (
				3FF1ECF32EA8377900DED7B7 /* LocationsDataService.swift */,
			);
			path = DataServices;
			sourceTree = "<group>";
		};
/* End PBXGroup section */

/* Begin PBXNativeTarget section */
		3FF1ECBD2EA8300800DED7B7 /* MapApp */ = {
			isa = PBXNativeTarget;
			buildConfigurationList = 3FF1ECE22EA8300A00DED7B7 /* Build configuration list for PBXNativeTarget "MapApp" */;
			buildPhases = (
				3FF1ECBA2EA8300800DED7B7 /* Sources */,
				3FF1ECBB2EA8300800DED7B7 /* Frameworks */,
				3FF1ECBC2EA8300800DED7B7 /* Resources */,
			);
			buildRules = (
			);
			dependencies = (
			);
			name = MapApp;
			productName = MapApp;
			productReference = 3FF1ECBE2EA8300800DED7B7 /* MapApp.app */;
			productType = "com.apple.product-type.application";
		};
		3FF1ECCD2EA8300A00DED7B7 /* MapAppTests */ = {
			isa = PBXNativeTarget;
			buildConfigurationList = 3FF1ECE52EA8300A00DED7B7 /* Build configuration list for PBXNativeTarget "MapAppTests" */;
			buildPhases = (
				3FF1ECCA2EA8300A00DED7B7 /* Sources */,
				3FF1ECCB2EA8300A00DED7B7 /* Frameworks */,
				3FF1ECCC2EA8300A00DED7B7 /* Resources */,
			);
			buildRules = (
			);
			dependencies = (
				3FF1ECD02EA8300A00DED7B7 /* PBXTargetDependency */,
			);
			name = MapAppTests;
			productName = MapAppTests;
			productReference = 3FF1ECCE2EA8300A00DED7B7 /* MapAppTests.xctest */;
			productType = "com.apple.product-type.bundle.unit-test";
		};
		3FF1ECD72EA8300A00DED7B7 /* MapAppUITests */ = {
			isa = PBXNativeTarget;
			buildConfigurationList = 3FF1ECE82EA8300A00DED7B7 /* Build configuration list for PBXNativeTarget "MapAppUITests" */;
			buildPhases = (
				3FF1ECD42EA8300A00DED7B7 /* Sources */,
				3FF1ECD52EA8300A00DED7B7 /* Frameworks */,
				3FF1ECD62EA8300A00DED7B7 /* Resources */,
			);
			buildRules = (
			);
			dependencies = (
				3FF1ECDA2EA8300A00DED7B7 /* PBXTargetDependency */,
			);
			name = MapAppUITests;
			productName = MapAppUITests;
			productReference = 3FF1ECD82EA8300A00DED7B7 /* MapAppUITests.xctest */;
			productType = "com.apple.product-type.bundle.ui-testing";
		};
/* End PBXNativeTarget section */

/* Begin PBXProject section */
		3FF1ECB62EA8300800DED7B7 /* Project object */ = {
			isa = PBXProject;
			attributes = {
				BuildIndependentTargetsInParallel = 1;
				LastSwiftUpdateCheck = 1330;
				LastUpgradeCheck = 1330;
				TargetAttributes = {
					3FF1ECBD2EA8300800DED7B7 = {
						CreatedOnToolsVersion = 13.3.1;
					};
					3FF1ECCD2EA8300A00DED7B7 = {
						CreatedOnToolsVersion = 13.3.1;
						TestTargetID = 3FF1ECBD2EA8300800DED7B7;
					};
					3FF1ECD72EA8300A00DED7B7 = {
						CreatedOnToolsVersion = 13.3.1;
						TestTargetID = 3FF1ECBD2EA8300800DED7B7;
					};
				};
			};
			buildConfigurationList = 3FF1ECB92EA8300800DED7B7 /* Build configuration list for PBXProject "MapApp" */;
			compatibilityVersion = "Xcode 13.0";
			developmentRegion = en;
			hasScannedForEncodings = 0;
			knownRegions = (
				en,
				Base,
			);
			mainGroup = 3FF1ECB52EA8300800DED7B7;
			productRefGroup = 3FF1ECBF2EA8300800DED7B7 /* Products */;
			projectDirPath = "";
			projectRoot = "";
			targets = (
				3FF1ECBD2EA8300800DED7B7 /* MapApp */,
				3FF1ECCD2EA8300A00DED7B7 /* MapAppTests */,
				3FF1ECD72EA8300A00DED7B7 /* MapAppUITests */,
			);
		};
/* End PBXProject section */

/* Begin PBXResourcesBuildPhase section */
		3FF1ECBC2EA8300800DED7B7 /* Resources */ = {
			isa = PBXResourcesBuildPhase;
			buildActionMask = 2147483647;
			files = (
				3FF1ECEC2EA8333800DED7B7 /* Assets.xcassets in Resources */,
				3FF1ECC92EA8300A00DED7B7 /* Preview Assets.xcassets in Resources */,
			);
			runOnlyForDeploymentPostprocessing = 0;
		};
		3FF1ECCC2EA8300A00DED7B7 /* Resources */ = {
			isa = PBXResourcesBuildPhase;
			buildActionMask = 2147483647;
			files = (
			);
			runOnlyForDeploymentPostprocessing = 0;
		};
		3FF1ECD62EA8300A00DED7B7 /* Resources */ = {
			isa = PBXResourcesBuildPhase;
			buildActionMask = 2147483647;
			files = (
			);
			runOnlyForDeploymentPostprocessing = 0;
		};
/* End PBXResourcesBuildPhase section */

/* Begin PBXSourcesBuildPhase section */
		3FF1ECBA2EA8300800DED7B7 /* Sources */ = {
			isa = PBXSourcesBuildPhase;
			buildActionMask = 2147483647;
			files = (
				3FF1ECF42EA8377900DED7B7 /* LocationsDataService.swift in Sources */,
				3F8AD4182EBA7D360066E9CC /* LocationsListView.swift in Sources */,
				3F4E5EE92EB2B016009D7292 /* LocationsViewModel.swift in Sources */,
				3FF1ECC42EA8300800DED7B7 /* ContentView.swift in Sources */,
				3F4E5EE72EB2AA29009D7292 /* LocationsView.swift in Sources */,
				3FF1ECF12EA8354C00DED7B7 /* Location.swift in Sources */,
				3FF1ECC22EA8300800DED7B7 /* MapAppApp.swift in Sources */,
			);
			runOnlyForDeploymentPostprocessing = 0;
		};
		3FF1ECCA2EA8300A00DED7B7 /* Sources */ = {
			isa = PBXSourcesBuildPhase;
			buildActionMask = 2147483647;
			files = (
				3FF1ECD32EA8300A00DED7B7 /* MapAppTests.swift in Sources */,
			);
			runOnlyForDeploymentPostprocessing = 0;
		};
		3FF1ECD42EA8300A00DED7B7 /* Sources */ = {
			isa = PBXSourcesBuildPhase;
			buildActionMask = 2147483647;
			files = (
				3FF1ECDD2EA8300A00DED7B7 /* MapAppUITests.swift in Sources */,
				3FF1ECDF2EA8300A00DED7B7 /* MapAppUITestsLaunchTests.swift in Sources */,
			);
			runOnlyForDeploymentPostprocessing = 0;
		};
/* End PBXSourcesBuildPhase section */

/* Begin PBXTargetDependency section */
		3FF1ECD02EA8300A00DED7B7 /* PBXTargetDependency */ = {
			isa = PBXTargetDependency;
			target = 3FF1ECBD2EA8300800DED7B7 /* MapApp */;
			targetProxy = 3FF1ECCF2EA8300A00DED7B7 /* PBXContainerItemProxy */;
		};
		3FF1ECDA2EA8300A00DED7B7 /* PBXTargetDependency */ = {
			isa = PBXTargetDependency;
			target = 3FF1ECBD2EA8300800DED7B7 /* MapApp */;
			targetProxy = 3FF1ECD92EA8300A00DED7B7 /* PBXContainerItemProxy */;
		};
/* End PBXTargetDependency section */

/* Begin XCBuildConfiguration section */
		3FF1ECE02EA8300A00DED7B7 /* Debug */ = {
			isa = XCBuildConfiguration;
			buildSettings = {
				ALWAYS_SEARCH_USER_PATHS = NO;
				CLANG_ANALYZER_NONNULL = YES;
				CLANG_ANALYZER_NUMBER_OBJECT_CONVERSION = YES_AGGRESSIVE;
				CLANG_CXX_LANGUAGE_STANDARD = "gnu++17";
				CLANG_ENABLE_MODULES = YES;
				CLANG_ENABLE_OBJC_ARC = YES;
				CLANG_ENABLE_OBJC_WEAK = YES;
				CLANG_WARN_BLOCK_CAPTURE_AUTORELEASING = YES;
				CLANG_WARN_BOOL_CONVERSION = YES;
				CLANG_WARN_COMMA = YES;
				CLANG_WARN_CONSTANT_CONVERSION = YES;
				CLANG_WARN_DEPRECATED_OBJC_IMPLEMENTATIONS = YES;
				CLANG_WARN_DIRECT_OBJC_ISA_USAGE = YES_ERROR;
				CLANG_WARN_DOCUMENTATION_COMMENTS = YES;
				CLANG_WARN_EMPTY_BODY = YES;
				CLANG_WARN_ENUM_CONVERSION = YES;
				CLANG_WARN_INFINITE_RECURSION = YES;
				CLANG_WARN_INT_CONVERSION = YES;
				CLANG_WARN_NON_LITERAL_NULL_CONVERSION = YES;
				CLANG_WARN_OBJC_IMPLICIT_RETAIN_SELF = YES;
				CLANG_WARN_OBJC_LITERAL_CONVERSION = YES;
				CLANG_WARN_OBJC_ROOT_CLASS = YES_ERROR;
				CLANG_WARN_QUOTED_INCLUDE_IN_FRAMEWORK_HEADER = YES;
				CLANG_WARN_RANGE_LOOP_ANALYSIS = YES;
				CLANG_WARN_STRICT_PROTOTYPES = YES;
				CLANG_WARN_SUSPICIOUS_MOVE = YES;
				CLANG_WARN_UNGUARDED_AVAILABILITY = YES_AGGRESSIVE;
				CLANG_WARN_UNREACHABLE_CODE = YES;
				CLANG_WARN__DUPLICATE_METHOD_MATCH = YES;
				COPY_PHASE_STRIP = NO;
				DEBUG_INFORMATION_FORMAT = dwarf;
				ENABLE_STRICT_OBJC_MSGSEND = YES;
				ENABLE_TESTABILITY = YES;
				GCC_C_LANGUAGE_STANDARD = gnu11;
				GCC_DYNAMIC_NO_PIC = NO;
				GCC_NO_COMMON_BLOCKS = YES;
				GCC_OPTIMIZATION_LEVEL = 0;
				GCC_PREPROCESSOR_DEFINITIONS = (
					"DEBUG=1",
					"$(inherited)",
				);
				GCC_WARN_64_TO_32_BIT_CONVERSION = YES;
				GCC_WARN_ABOUT_RETURN_TYPE = YES_ERROR;
				GCC_WARN_UNDECLARED_SELECTOR = YES;
				GCC_WARN_UNINITIALIZED_AUTOS = YES_AGGRESSIVE;
				GCC_WARN_UNUSED_FUNCTION = YES;
				GCC_WARN_UNUSED_VARIABLE = YES;
				IPHONEOS_DEPLOYMENT_TARGET = 15.4;
				MTL_ENABLE_DEBUG_INFO = INCLUDE_SOURCE;
				MTL_FAST_MATH = YES;
				ONLY_ACTIVE_ARCH = YES;
				SDKROOT = iphoneos;
				SWIFT_ACTIVE_COMPILATION_CONDITIONS = DEBUG;
				SWIFT_OPTIMIZATION_LEVEL = "-Onone";
			};
			name = Debug;
		};
		3FF1ECE12EA8300A00DED7B7 /* Release */ = {
			isa = XCBuildConfiguration;
			buildSettings = {
				ALWAYS_SEARCH_USER_PATHS = NO;
				CLANG_ANALYZER_NONNULL = YES;
				CLANG_ANALYZER_NUMBER_OBJECT_CONVERSION = YES_AGGRESSIVE;
				CLANG_CXX_LANGUAGE_STANDARD = "gnu++17";
				CLANG_ENABLE_MODULES = YES;
				CLANG_ENABLE_OBJC_ARC = YES;
				CLANG_ENABLE_OBJC_WEAK = YES;
				CLANG_WARN_BLOCK_CAPTURE_AUTORELEASING = YES;
				CLANG_WARN_BOOL_CONVERSION = YES;
				CLANG_WARN_COMMA = YES;
				CLANG_WARN_CONSTANT_CONVERSION = YES;
				CLANG_WARN_DEPRECATED_OBJC_IMPLEMENTATIONS = YES;
				CLANG_WARN_DIRECT_OBJC_ISA_USAGE = YES_ERROR;
				CLANG_WARN_DOCUMENTATION_COMMENTS = YES;
				CLANG_WARN_EMPTY_BODY = YES;
				CLANG_WARN_ENUM_CONVERSION = YES;
				CLANG_WARN_INFINITE_RECURSION = YES;
				CLANG_WARN_INT_CONVERSION = YES;
				CLANG_WARN_NON_LITERAL_NULL_CONVERSION = YES;
				CLANG_WARN_OBJC_IMPLICIT_RETAIN_SELF = YES;
				CLANG_WARN_OBJC_LITERAL_CONVERSION = YES;
				CLANG_WARN_OBJC_ROOT_CLASS = YES_ERROR;
				CLANG_WARN_QUOTED_INCLUDE_IN_FRAMEWORK_HEADER = YES;
				CLANG_WARN_RANGE_LOOP_ANALYSIS = YES;
				CLANG_WARN_STRICT_PROTOTYPES = YES;
				CLANG_WARN_SUSPICIOUS_MOVE = YES;
				CLANG_WARN_UNGUARDED_AVAILABILITY = YES_AGGRESSIVE;
				CLANG_WARN_UNREACHABLE_CODE = YES;
				CLANG_WARN__DUPLICATE_METHOD_MATCH = YES;
				COPY_PHASE_STRIP = NO;
				DEBUG_INFORMATION_FORMAT = "dwarf-with-dsym";
				ENABLE_NS_ASSERTIONS = NO;
				ENABLE_STRICT_OBJC_MSGSEND = YES;
				GCC_C_LANGUAGE_STANDARD = gnu11;
				GCC_NO_COMMON_BLOCKS = YES;
				GCC_WARN_64_TO_32_BIT_CONVERSION = YES;
				GCC_WARN_ABOUT_RETURN_TYPE = YES_ERROR;
				GCC_WARN_UNDECLARED_SELECTOR = YES;
				GCC_WARN_UNINITIALIZED_AUTOS = YES_AGGRESSIVE;
				GCC_WARN_UNUSED_FUNCTION = YES;
				GCC_WARN_UNUSED_VARIABLE = YES;
				IPHONEOS_DEPLOYMENT_TARGET = 15.4;
				MTL_ENABLE_DEBUG_INFO = NO;
				MTL_FAST_MATH = YES;
				SDKROOT = iphoneos;
				SWIFT_COMPILATION_MODE = wholemodule;
				SWIFT_OPTIMIZATION_LEVEL = "-O";
				VALIDATE_PRODUCT = YES;
			};
			name = Release;
		};
		3FF1ECE32EA8300A00DED7B7 /* Debug */ = {
			isa = XCBuildConfiguration;
			buildSettings = {
				ASSETCATALOG_COMPILER_APPICON_NAME = AppIcon;
				ASSETCATALOG_COMPILER_GLOBAL_ACCENT_COLOR_NAME = AccentColor;
				CODE_SIGN_STYLE = Automatic;
				CURRENT_PROJECT_VERSION = 1;
				DEVELOPMENT_ASSET_PATHS = "\"MapApp/Preview Content\"";
				ENABLE_PREVIEWS = YES;
				GENERATE_INFOPLIST_FILE = YES;
				INFOPLIST_KEY_UIApplicationSceneManifest_Generation = YES;
				INFOPLIST_KEY_UIApplicationSupportsIndirectInputEvents = YES;
				INFOPLIST_KEY_UILaunchScreen_Generation = YES;
				INFOPLIST_KEY_UISupportedInterfaceOrientations_iPad = "UIInterfaceOrientationPortrait UIInterfaceOrientationPortraitUpsideDown UIInterfaceOrientationLandscapeLeft UIInterfaceOrientationLandscapeRight";
				INFOPLIST_KEY_UISupportedInterfaceOrientations_iPhone = "UIInterfaceOrientationPortrait UIInterfaceOrientationLandscapeLeft UIInterfaceOrientationLandscapeRight";
				LD_RUNPATH_SEARCH_PATHS = (
					"$(inherited)",
					"@executable_path/Frameworks",
				);
				MARKETING_VERSION = 1.0;
				PRODUCT_BUNDLE_IDENTIFIER = com.jacksonharvey.MapApp;
				PRODUCT_NAME = "$(TARGET_NAME)";
				SWIFT_EMIT_LOC_STRINGS = YES;
				SWIFT_VERSION = 5.0;
				TARGETED_DEVICE_FAMILY = "1,2";
			};
			name = Debug;
		};
		3FF1ECE42EA8300A00DED7B7 /* Release */ = {
			isa = XCBuildConfiguration;
			buildSettings = {
				ASSETCATALOG_COMPILER_APPICON_NAME = AppIcon;
				ASSETCATALOG_COMPILER_GLOBAL_ACCENT_COLOR_NAME = AccentColor;
				CODE_SIGN_STYLE = Automatic;
				CURRENT_PROJECT_VERSION = 1;
				DEVELOPMENT_ASSET_PATHS = "\"MapApp/Preview Content\"";
				ENABLE_PREVIEWS = YES;
				GENERATE_INFOPLIST_FILE = YES;
				INFOPLIST_KEY_UIApplicationSceneManifest_Generation = YES;
				INFOPLIST_KEY_UIApplicationSupportsIndirectInputEvents = YES;
				INFOPLIST_KEY_UILaunchScreen_Generation = YES;
				INFOPLIST_KEY_UISupportedInterfaceOrientations_iPad = "UIInterfaceOrientationPortrait UIInterfaceOrientationPortraitUpsideDown UIInterfaceOrientationLandscapeLeft UIInterfaceOrientationLandscapeRight";
				INFOPLIST_KEY_UISupportedInterfaceOrientations_iPhone = "UIInterfaceOrientationPortrait UIInterfaceOrientationLandscapeLeft UIInterfaceOrientationLandscapeRight";
				LD_RUNPATH_SEARCH_PATHS = (
					"$(inherited)",
					"@executable_path/Frameworks",
				);
				MARKETING_VERSION = 1.0;
				PRODUCT_BUNDLE_IDENTIFIER = com.jacksonharvey.MapApp;
				PRODUCT_NAME = "$(TARGET_NAME)";
				SWIFT_EMIT_LOC_STRINGS = YES;
				SWIFT_VERSION = 5.0;
				TARGETED_DEVICE_FAMILY = "1,2";
			};
			name = Release;
		};
		3FF1ECE62EA8300A00DED7B7 /* Debug */ = {
			isa = XCBuildConfiguration;
			buildSettings = {
				ALWAYS_EMBED_SWIFT_STANDARD_LIBRARIES = YES;
				BUNDLE_LOADER = "$(TEST_HOST)";
				CODE_SIGN_STYLE = Automatic;
				CURRENT_PROJECT_VERSION = 1;
				GENERATE_INFOPLIST_FILE = YES;
				IPHONEOS_DEPLOYMENT_TARGET = 15.4;
				MARKETING_VERSION = 1.0;
				PRODUCT_BUNDLE_IDENTIFIER = com.jacksonharvey.MapAppTests;
				PRODUCT_NAME = "$(TARGET_NAME)";
				SWIFT_EMIT_LOC_STRINGS = NO;
				SWIFT_VERSION = 5.0;
				TARGETED_DEVICE_FAMILY = "1,2";
				TEST_HOST = "$(BUILT_PRODUCTS_DIR)/MapApp.app/MapApp";
			};
			name = Debug;
		};
		3FF1ECE72EA8300A00DED7B7 /* Release */ = {
			isa = XCBuildConfiguration;
			buildSettings = {
				ALWAYS_EMBED_SWIFT_STANDARD_LIBRARIES = YES;
				BUNDLE_LOADER = "$(TEST_HOST)";
				CODE_SIGN_STYLE = Automatic;
				CURRENT_PROJECT_VERSION = 1;
				GENERATE_INFOPLIST_FILE = YES;
				IPHONEOS_DEPLOYMENT_TARGET = 15.4;
				MARKETING_VERSION = 1.0;
				PRODUCT_BUNDLE_IDENTIFIER = com.jacksonharvey.MapAppTests;
				PRODUCT_NAME = "$(TARGET_NAME)";
				SWIFT_EMIT_LOC_STRINGS = NO;
				SWIFT_VERSION = 5.0;
				TARGETED_DEVICE_FAMILY = "1,2";
				TEST_HOST = "$(BUILT_PRODUCTS_DIR)/MapApp.app/MapApp";
			};
			name = Release;
		};
		3FF1ECE92EA8300A00DED7B7 /* Debug */ = {
			isa = XCBuildConfiguration;
			buildSettings = {
				ALWAYS_EMBED_SWIFT_STANDARD_LIBRARIES = YES;
				CODE_SIGN_STYLE = Automatic;
				CURRENT_PROJECT_VERSION = 1;
				GENERATE_INFOPLIST_FILE = YES;
				MARKETING_VERSION = 1.0;
				PRODUCT_BUNDLE_IDENTIFIER = com.jacksonharvey.MapAppUITests;
				PRODUCT_NAME = "$(TARGET_NAME)";
				SWIFT_EMIT_LOC_STRINGS = NO;
				SWIFT_VERSION = 5.0;
				TARGETED_DEVICE_FAMILY = "1,2";
				TEST_TARGET_NAME = MapApp;
			};
			name = Debug;
		};
		3FF1ECEA2EA8300A00DED7B7 /* Release */ = {
			isa = XCBuildConfiguration;
			buildSettings = {
				ALWAYS_EMBED_SWIFT_STANDARD_LIBRARIES = YES;
				CODE_SIGN_STYLE = Automatic;
				CURRENT_PROJECT_VERSION = 1;
				GENERATE_INFOPLIST_FILE = YES;
				MARKETING_VERSION = 1.0;
				PRODUCT_BUNDLE_IDENTIFIER = com.jacksonharvey.MapAppUITests;
				PRODUCT_NAME = "$(TARGET_NAME)";
				SWIFT_EMIT_LOC_STRINGS = NO;
				SWIFT_VERSION = 5.0;
				TARGETED_DEVICE_FAMILY = "1,2";
				TEST_TARGET_NAME = MapApp;
			};
			name = Release;
		};
/* End XCBuildConfiguration section */

/* Begin XCConfigurationList section */
		3FF1ECB92EA8300800DED7B7 /* Build configuration list for PBXProject "MapApp" */ = {
			isa = XCConfigurationList;
			buildConfigurations = (
				3FF1ECE02EA8300A00DED7B7 /* Debug */,
				3FF1ECE12EA8300A00DED7B7 /* Release */,
			);
			defaultConfigurationIsVisible = 0;
			defaultConfigurationName = Release;
		};
		3FF1ECE22EA8300A00DED7B7 /* Build configuration list for PBXNativeTarget "MapApp" */ = {
			isa = XCConfigurationList;
			buildConfigurations = (
				3FF1ECE32EA8300A00DED7B7 /* Debug */,
				3FF1ECE42EA8300A00DED7B7 /* Release */,
			);
			defaultConfigurationIsVisible = 0;
			defaultConfigurationName = Release;
		};
		3FF1ECE52EA8300A00DED7B7 /* Build configuration list for PBXNativeTarget "MapAppTests" */ = {
			isa = XCConfigurationList;
			buildConfigurations = (
				3FF1ECE62EA8300A00DED7B7 /* Debug */,
				3FF1ECE72EA8300A00DED7B7 /* Release */,
			);
			defaultConfigurationIsVisible = 0;
			defaultConfigurationName = Release;
		};
		3FF1ECE82EA8300A00DED7B7 /* Build configuration list for PBXNativeTarget "MapAppUITests" */ = {
			isa = XCConfigurationList;
			buildConfigurations = (
				3FF1ECE92EA8300A00DED7B7 /* Debug */,
				3FF1ECEA2EA8300A00DED7B7 /* Release */,
			);
			defaultConfigurationIsVisible = 0;
			defaultConfigurationName = Release;
		};
/* End XCConfigurationList section */
	};
	rootObject = 3FF1ECB62EA8300800DED7B7 /* Project object */;
}
